
Microsoft Visual Studio Solution File, Format Version 12.00
# Visual Studio Version 16
VisualStudioVersion = 16.0.31729.503
MinimumVisualStudioVersion = 10.0.40219.1
Project("{FAE04EC0-301F-11D3-BF4B-00C04F79EFBC}") = "CalculatorView", "CalculatorView\CalculatorView.csproj", "{3EA156D6-A85E-456A-BB7A-F487FDB1208A}"
EndProject
Project("{FAE04EC0-301F-11D3-BF4B-00C04F79EFBC}") = "CalculatorViewModel", "CalculatorViewModel\CalculatorViewModel.csproj", "{0C662859-CCB0-4A16-A0F9-7285B5BF2EC9}"
EndProject
Project("{FAE04EC0-301F-11D3-BF4B-00C04F79EFBC}") = "CalculatorDesktop", "CalculatorDesktop\CalculatorDesktop.csproj", "{3A29A795-A89E-47A3-B110-944FA300FAB7}"
EndProject
Project("{FAE04EC0-301F-11D3-BF4B-00C04F79EFBC}") = "CalculatorBL", "CalculatorBL\CalculatorBL.csproj", "{BD11E729-E792-40F9-AE66-8D70E5FAB52E}"
EndProject
Project("{FAE04EC0-301F-11D3-BF4B-00C04F79EFBC}") = "CalculatorAppLogic", "CalculatorAppLogic\CalculatorAppLogic.csproj", "{51DBF66C-0FAB-4B57-AD29-D5DCD2A72DD7}"
EndProject
Global
	GlobalSection(SolutionConfigurationPlatforms) = preSolution
		Debug|Any CPU = Debug|Any CPU
		Release|Any CPU = Release|Any CPU
	EndGlobalSection
	GlobalSection(ProjectConfigurationPlatforms) = postSolution
		{3EA156D6-A85E-456A-BB7A-F487FDB1208A}.Debug|Any CPU.ActiveCfg = Debug|Any CPU
		{3EA156D6-A85E-456A-BB7A-F487FDB1208A}.Debug|Any CPU.Build.0 = Debug|Any CPU
		{3EA156D6-A85E-456A-BB7A-F487FDB1208A}.Release|Any CPU.ActiveCfg = Release|Any CPU
		{3EA156D6-A85E-456A-BB7A-F487FDB1208A}.Release|Any CPU.Build.0 = Release|Any CPU
		{0C662859-CCB0-4A16-A0F9-7285B5BF2EC9}.Debug|Any CPU.ActiveCfg = Debug|Any CPU
		{0C662859-CCB0-4A16-A0F9-7285B5BF2EC9}.Debug|Any CPU.Build.0 = Debug|Any CPU
		{0C662859-CCB0-4A16-A0F9-7285B5BF2EC9}.Release|Any CPU.ActiveCfg = Release|Any CPU
		{0C662859-CCB0-4A16-A0F9-7285B5BF2EC9}.Release|Any CPU.Build.0 = Release|Any CPU
		{3A29A795-A89E-47A3-B110-944FA300FAB7}.Debug|Any CPU.ActiveCfg = Debug|Any CPU
		{3A29A795-A89E-47A3-B110-944FA300FAB7}.Debug|Any CPU.Build.0 = Debug|Any CPU
		{3A29A795-A89E-47A3-B110-944FA300FAB7}.Release|Any CPU.ActiveCfg = Release|Any CPU
		{3A29A795-A89E-47A3-B110-944FA300FAB7}.Release|Any CPU.Build.0 = Release|Any CPU
		{BD11E729-E792-40F9-AE66-8D70E5FAB52E}.Debug|Any CPU.ActiveCfg = Debug|Any CPU
		{BD11E729-E792-40F9-AE66-8D70E5FAB52E}.Debug|Any CPU.Build.0 = Debug|Any CPU
		{BD11E729-E792-40F9-AE66-8D70E5FAB52E}.Release|Any CPU.ActiveCfg = Release|Any CPU
		{BD11E729-E792-40F9-AE66-8D70E5FAB52E}.Release|Any CPU.Build.0 = Release|Any CPU
		{51DBF66C-0FAB-4B57-AD29-D5DCD2A72DD7}.Debug|Any CPU.ActiveCfg = Debug|Any CPU
		{51DBF66C-0FAB-4B57-AD29-D5DCD2A72DD7}.Debug|Any CPU.Build.0 = Debug|Any CPU
		{51DBF66C-0FAB-4B57-AD29-D5DCD2A72DD7}.Release|Any CPU.ActiveCfg = Release|Any CPU
		{51DBF66C-0FAB-4B57-AD29-D5DCD2A72DD7}.Release|Any CPU.Build.0 = Release|Any CPU
	EndGlobalSection
	GlobalSection(SolutionProperties) = preSolution
		HideSolutionNode = FALSE
	EndGlobalSection
	GlobalSection(ExtensibilityGlobals) = postSolution
		SolutionGuid = {F8D6C500-258C-4E26-9AB8-840E441B8E92}
	EndGlobalSection
EndGlobal
